<?xml version="1.0" encoding="utf-8"?>
<Project ToolsVersion="4.0" xmlns="http://schemas.microsoft.com/developer/msbuild/2003">
  <ItemGroup>
    <ClCompile Include="src\Nodes\Animator.cpp" />
    <ClCompile Include="src\Nodes\SpriteRenderer.cpp" />
    <ClCompile Include="src\Nodes\Node.cpp" />
    <ClCompile Include="src\Sandbox.cpp" />
    <ClCompile Include="src\core\Window.cpp" />
    <ClCompile Include="src\Main.cpp" />
    <ClCompile Include="src\ui\UIButton.cpp" />
    <ClCompile Include="src\ui\UIText.cpp" />
    <ClCompile Include="src\Managers\AssetManager.cpp" />
    <ClCompile Include="src\Managers\MusicManager.cpp" />
    <ClCompile Include="src\TimeTracker.cpp" />
    <ClCompile Include="src\Nodes\Scene.cpp" />
    <ClCompile Include="src\Nodes\AudioSource.cpp" />
    <ClCompile Include="src\ui\windows\UIWindowsButton.cpp" />
    <ClCompile Include="src\ui\windows\UIWindowsDropDown.cpp" />
    <ClCompile Include="src\Managers\NodeManager.cpp" />
    <ClCompile Include="src\Nodes\Camera.cpp" />
    <ClCompile Include="src\data\Options.cpp" />
    <ClCompile Include="src\data\SaveLoad.cpp" />
    <ClCompile Include="src\Managers\InputManager.cpp" />
    <ClCompile Include="src\core\Ray.cpp" />
    <ClCompile Include="src\Nodes\PlayerController.cpp" />
    <ClCompile Include="src\box2d\collision\b2_broad_phase.cpp" />
    <ClCompile Include="src\box2d\collision\b2_chain_shape.cpp" />
    <ClCompile Include="src\box2d\collision\b2_circle_shape.cpp" />
    <ClCompile Include="src\box2d\collision\b2_collide_circle.cpp" />
    <ClCompile Include="src\box2d\collision\b2_collide_edge.cpp" />
    <ClCompile Include="src\box2d\collision\b2_collide_polygon.cpp" />
    <ClCompile Include="src\box2d\collision\b2_collision.cpp" />
    <ClCompile Include="src\box2d\collision\b2_distance.cpp" />
    <ClCompile Include="src\box2d\collision\b2_dynamic_tree.cpp" />
    <ClCompile Include="src\box2d\collision\b2_edge_shape.cpp" />
    <ClCompile Include="src\box2d\collision\b2_polygon_shape.cpp" />
    <ClCompile Include="src\box2d\collision\b2_time_of_impact.cpp" />
    <ClCompile Include="src\box2d\common\b2_block_allocator.cpp" />
    <ClCompile Include="src\box2d\common\b2_draw.cpp" />
    <ClCompile Include="src\box2d\common\b2_math.cpp" />
    <ClCompile Include="src\box2d\common\b2_settings.cpp" />
    <ClCompile Include="src\box2d\common\b2_stack_allocator.cpp" />
    <ClCompile Include="src\box2d\common\b2_timer.cpp" />
    <ClCompile Include="src\box2d\dynamics\b2_body.cpp" />
    <ClCompile Include="src\box2d\dynamics\b2_chain_circle_contact.cpp" />
    <ClCompile Include="src\box2d\dynamics\b2_chain_polygon_contact.cpp" />
    <ClCompile Include="src\box2d\dynamics\b2_circle_contact.cpp" />
    <ClCompile Include="src\box2d\dynamics\b2_contact.cpp" />
    <ClCompile Include="src\box2d\dynamics\b2_contact_manager.cpp" />
    <ClCompile Include="src\box2d\dynamics\b2_contact_solver.cpp" />
    <ClCompile Include="src\box2d\dynamics\b2_distance_joint.cpp" />
    <ClCompile Include="src\box2d\dynamics\b2_edge_circle_contact.cpp" />
    <ClCompile Include="src\box2d\dynamics\b2_edge_polygon_contact.cpp" />
    <ClCompile Include="src\box2d\dynamics\b2_fixture.cpp" />
    <ClCompile Include="src\box2d\dynamics\b2_friction_joint.cpp" />
    <ClCompile Include="src\box2d\dynamics\b2_gear_joint.cpp" />
    <ClCompile Include="src\box2d\dynamics\b2_island.cpp" />
    <ClCompile Include="src\box2d\dynamics\b2_joint.cpp" />
    <ClCompile Include="src\box2d\dynamics\b2_motor_joint.cpp" />
    <ClCompile Include="src\box2d\dynamics\b2_mouse_joint.cpp" />
    <ClCompile Include="src\box2d\dynamics\b2_polygon_circle_contact.cpp" />
    <ClCompile Include="src\box2d\dynamics\b2_polygon_contact.cpp" />
    <ClCompile Include="src\box2d\dynamics\b2_prismatic_joint.cpp" />
    <ClCompile Include="src\box2d\dynamics\b2_pulley_joint.cpp" />
    <ClCompile Include="src\box2d\dynamics\b2_revolute_joint.cpp" />
    <ClCompile Include="src\box2d\dynamics\b2_weld_joint.cpp" />
    <ClCompile Include="src\box2d\dynamics\b2_wheel_joint.cpp" />
    <ClCompile Include="src\box2d\dynamics\b2_world.cpp" />
    <ClCompile Include="src\box2d\dynamics\b2_world_callbacks.cpp" />
    <ClCompile Include="src\box2d\rope\b2_rope.cpp" />
    <ClCompile Include="src\Nodes\PolygonCollider.cpp" />
  </ItemGroup>
  <ItemGroup>
    <ClInclude Include="src\Nodes\Animator.h" />
    <ClInclude Include="src\Nodes\SpriteRenderer.h" />
    <ClInclude Include="src\Nodes\Node.h" />
    <ClInclude Include="src\core\Window.h" />
    <ClInclude Include="src\ui\UIButton.h" />
    <ClInclude Include="src\ui\UIElement.h" />
    <ClInclude Include="src\ui\UIText.h" />
    <ClInclude Include="src\Managers\AssetManager.h" />
    <ClInclude Include="src\Managers\MusicManager.h" />
    <ClInclude Include="src\TimeTracker.h" />
    <ClInclude Include="src\Nodes\Scene.h" />
    <ClInclude Include="src\Nodes\AudioSource.h" />
    <ClInclude Include="src\ui\windows\UIWindowsButton.h" />
    <ClInclude Include="src\ui\windows\UIWindowsDropDown.h" />
    <ClInclude Include="src\Nodes\Camera.h" />
    <ClInclude Include="src\Managers\NodeManager.h" />
    <ClInclude Include="src\data\Options.h" />
    <ClInclude Include="src\data\SaveLoad.h" />
    <ClInclude Include="src\Managers\InputManager.h" />
    <ClInclude Include="src\Nodes\PlayerController.h" />
    <ClInclude Include="src\core\Ray.h" />
    <ClInclude Include="src\data\Animation.h" />
    <ClInclude Include="src\box2d\b2_api.h" />
    <ClInclude Include="src\box2d\b2_block_allocator.h" />
    <ClInclude Include="src\box2d\b2_body.h" />
    <ClInclude Include="src\box2d\b2_broad_phase.h" />
    <ClInclude Include="src\box2d\b2_chain_shape.h" />
    <ClInclude Include="src\box2d\b2_circle_shape.h" />
    <ClInclude Include="src\box2d\b2_collision.h" />
    <ClInclude Include="src\box2d\b2_common.h" />
    <ClInclude Include="src\box2d\b2_contact.h" />
    <ClInclude Include="src\box2d\b2_contact_manager.h" />
    <ClInclude Include="src\box2d\b2_distance.h" />
    <ClInclude Include="src\box2d\b2_distance_joint.h" />
    <ClInclude Include="src\box2d\b2_draw.h" />
    <ClInclude Include="src\box2d\b2_dynamic_tree.h" />
    <ClInclude Include="src\box2d\b2_edge_shape.h" />
    <ClInclude Include="src\box2d\b2_fixture.h" />
    <ClInclude Include="src\box2d\b2_friction_joint.h" />
    <ClInclude Include="src\box2d\b2_gear_joint.h" />
    <ClInclude Include="src\box2d\b2_growable_stack.h" />
    <ClInclude Include="src\box2d\b2_joint.h" />
    <ClInclude Include="src\box2d\b2_math.h" />
    <ClInclude Include="src\box2d\b2_motor_joint.h" />
    <ClInclude Include="src\box2d\b2_mouse_joint.h" />
    <ClInclude Include="src\box2d\b2_polygon_shape.h" />
    <ClInclude Include="src\box2d\b2_prismatic_joint.h" />
    <ClInclude Include="src\box2d\b2_pulley_joint.h" />
    <ClInclude Include="src\box2d\b2_revolute_joint.h" />
    <ClInclude Include="src\box2d\b2_rope.h" />
    <ClInclude Include="src\box2d\b2_settings.h" />
    <ClInclude Include="src\box2d\b2_shape.h" />
    <ClInclude Include="src\box2d\b2_stack_allocator.h" />
    <ClInclude Include="src\box2d\b2_time_of_impact.h" />
    <ClInclude Include="src\box2d\b2_time_step.h" />
    <ClInclude Include="src\box2d\b2_timer.h" />
    <ClInclude Include="src\box2d\b2_types.h" />
    <ClInclude Include="src\box2d\b2_weld_joint.h" />
    <ClInclude Include="src\box2d\b2_wheel_joint.h" />
    <ClInclude Include="src\box2d\b2_world.h" />
    <ClInclude Include="src\box2d\b2_world_callbacks.h" />
    <ClInclude Include="src\box2d\box2d.h" />
    <ClInclude Include="src\box2d\dynamics\b2_chain_circle_contact.h" />
    <ClInclude Include="src\box2d\dynamics\b2_chain_polygon_contact.h" />
    <ClInclude Include="src\box2d\dynamics\b2_circle_contact.h" />
    <ClInclude Include="src\box2d\dynamics\b2_contact_solver.h" />
    <ClInclude Include="src\box2d\dynamics\b2_edge_circle_contact.h" />
    <ClInclude Include="src\box2d\dynamics\b2_edge_polygon_contact.h" />
    <ClInclude Include="src\box2d\dynamics\b2_island.h" />
    <ClInclude Include="src\box2d\dynamics\b2_polygon_circle_contact.h" />
    <ClInclude Include="src\box2d\dynamics\b2_polygon_contact.h" />
    <ClInclude Include="src\Nodes\PolygonCollider.h" />
  </ItemGroup>
  <ItemGroup>
    <Media Include="Assets\DPL Music\OST Pro - New Hope.wav" />
  </ItemGroup>
</Project>