<?xml version="1.0" encoding="utf-8"?>
<Project ToolsVersion="4.0" xmlns="http://schemas.microsoft.com/developer/msbuild/2003">
  <ItemGroup>
    <ClCompile Include="src\Nodes\Animator.cpp" />
    <ClCompile Include="src\Nodes\SpriteRenderer.cpp" />
    <ClCompile Include="src\Nodes\Node.cpp" />
    <ClCompile Include="src\Sandbox.cpp" />
    <ClCompile Include="src\core\Window.cpp" />
    <ClCompile Include="src\Main.cpp" />
    <ClCompile Include="src\ui\UIButton.cpp" />
    <ClCompile Include="src\ui\UIText.cpp" />
    <ClCompile Include="src\Managers\AssetManager.cpp" />
    <ClCompile Include="src\Managers\MusicManager.cpp" />
    <ClCompile Include="src\TimeTracker.cpp" />
    <ClCompile Include="Bush.cpp" />
  </ItemGroup>
  <ItemGroup>
    <ClInclude Include="src\Nodes\Animator.h" />
    <ClInclude Include="src\Nodes\SpriteRenderer.h" />
    <ClInclude Include="src\Nodes\Node.h" />
    <ClInclude Include="src\core\Window.h" />
    <ClInclude Include="src\ui\UIButton.h" />
    <ClInclude Include="src\ui\UIElement.h" />
    <ClInclude Include="src\ui\UIText.h" />
    <ClInclude Include="src\Managers\AssetManager.h" />
    <ClInclude Include="src\Managers\MusicManager.h" />
    <ClInclude Include="src\TimeTracker.h" />
    <ClInclude Include="Bush.h" />
  </ItemGroup>
  <ItemGroup>
    <Media Include="Assets\DPL Music\OST Pro - New Hope.wav" />
    <Media Include="Assets\TempAssets\Arrow Flying Past 1.wav" />
    <Media Include="Assets\DPL Music\See The Light.wav" />
    <Media Include="Assets\DPL Music\New Hope.wav" />
  </ItemGroup>
  <ItemGroup>
    <Image Include="Assets\TempAssets\ENEMIES8bit_Blob Death.png" />
    <Image Include="Assets\TempAssets\ENEMIES8bit_Blob Hurt.png" />
    <Image Include="Assets\TempAssets\ENEMIES8bit_Blob Idle.png" />
    <Image Include="Assets\TempAssets\ENEMIES8bit_Blob Walk.png" />
    <Image Include="Assets\TempAssets\ENEMIES8bit_NegaBlob Death.png" />
    <Image Include="Assets\TempAssets\ENEMIES8bit_NegaBlob Hurt.png" />
    <Image Include="Assets\TempAssets\ENEMIES8bit_NegaBlob Idle.png" />
    <Image Include="Assets\TempAssets\ENEMIES8bit_NegaBlob Walk.png" />
    <Image Include="Assets\TempAssets\ENEMIES8bit_Snake Death.png" />
    <Image Include="Assets\TempAssets\ENEMIES8bit_Snake Idle D.png" />
    <Image Include="Assets\TempAssets\ENEMIES8bit_Snake Idle R.png" />
    <Image Include="Assets\TempAssets\ENEMIES8bit_Snake Idle U.png" />
    <Image Include="Assets\TempAssets\ENEMIES8bit_Snake Walk D.png" />
    <Image Include="Assets\TempAssets\ENEMIES8bit_Snake Walk R.png" />
    <Image Include="Assets\TempAssets\ENEMIES8bit_Snake Walk U.png" />
    <Image Include="Assets\TempAssets\ENEMIES8bit_Sorcerer Attack D.png" />
    <Image Include="Assets\TempAssets\ENEMIES8bit_Sorcerer Attack R.png" />
    <Image Include="Assets\TempAssets\ENEMIES8bit_Sorcerer Attack U.png" />
    <Image Include="Assets\TempAssets\ENEMIES8bit_Sorcerer Death D.png" />
    <Image Include="Assets\TempAssets\ENEMIES8bit_Sorcerer Hurt D.png" />
    <Image Include="Assets\TempAssets\ENEMIES8bit_Sorcerer Hurt R.png" />
    <Image Include="Assets\TempAssets\ENEMIES8bit_Sorcerer Hurt U.png" />
    <Image Include="Assets\TempAssets\ENEMIES8bit_Sorcerer Idle D.png" />
    <Image Include="Assets\TempAssets\ENEMIES8bit_Sorcerer Idle R.png" />
    <Image Include="Assets\TempAssets\ENEMIES8bit_Sorcerer Idle U.png" />
    <Image Include="Assets\TempAssets\ENEMIES8bit_Sorcerer Walk D.png" />
    <Image Include="Assets\TempAssets\ENEMIES8bit_Sorcerer Walk R.png" />
    <Image Include="Assets\TempAssets\ENEMIES8bit_Sorcerer Walk U.png" />
    <Image Include="Assets\Bush.png" />
  </ItemGroup>
  <ItemGroup>
    <Font Include="Assets\Fonts\ArialCE.ttf" />
  </ItemGroup>
</Project>